# This file is automatically @generated by Poetry 2.4.0 and should not be changed by hand.

[[package]]
name = "phonenumbers"
version = "9.0.29"
description = "Python version of Google's common library for parsing, formatting, storing and validating international phone numbers."
optional = false
python-versions = ">=2.5"
groups = ["main"]
files = [
    {file = "phonenumbers-9.0.29-py2.py3-none-any.whl", hash = "sha256:0eb26e0c578aa2d56428330d5b4a0a07dac9a452c4387bf76a76a88b1e839ab7"},
    {file = "phonenumbers-9.0.29.tar.gz", hash = "sha256:66455e5c5ca4197aca5a4217d0dc82717a22038292cfa322d5d5e7c46934a214"},
]

[[package]]
name = "python-dotenv"
version = "1.2.2"
description = "Read key-value pairs from a .env file and set them as environment variables"
optional = false
python-versions = ">=3.10"
groups = ["main"]
files = [
    {file = "python_dotenv-1.2.2-py3-none-any.whl", hash = "sha256:1d8214789a24de455a8b8bd8ae6fe3c6b69a5e3d64aa8a8e5d68e694bbcb285a"},
    {file = "python_dotenv-1.2.2.tar.gz", hash = "sha256:2c371a91fbd7ba082c2c1dc1f8bf89ca22564a087c2c287cd9b662adde799cf3"},
]

[package.extras]
cli = ["click (>=5.0)"]

[metadata]
lock-version = "2.1"
python-versions = ">=3.11"
content-hash = "f79b4dc44da191ea4250e9c91c28e670332cdd1119d53e181265200bb8a01cc2"
